
Microsoft Visual Studio Solution File, Format Version 12.00
# Visual Studio Version 17
VisualStudioVersion = 17.13.35919.96 d17.13
MinimumVisualStudioVersion = 10.0.40219.1
Project("{FAE04EC0-301F-11D3-BF4B-00C04F79EFBC}") = "CarRentalApp.Data", "CarsRentalApp.Data\CarRentalApp.Data.csproj", "{1FB018BA-EAC1-41C9-B698-80B119441E9C}"
EndProject
Project("{FAE04EC0-301F-11D3-BF4B-00C04F79EFBC}") = "CarRentalApp.Business", "CarRentalApp.Business\CarRentalApp.Business.csproj", "{4807898E-470A-4F9D-BC03-CE1BC2C2FB06}"
EndProject
Project("{FAE04EC0-301F-11D3-BF4B-00C04F79EFBC}") = "CarRentalApp.WebApi", "CarRentalApp.WebApi\CarRentalApp.WebApi.csproj", "{51084ACA-7967-4F88-AAD4-243D04E7A00D}"
EndProject
Global
	GlobalSection(SolutionConfigurationPlatforms) = preSolution
		Debug|Any CPU = Debug|Any CPU
		Release|Any CPU = Release|Any CPU
	EndGlobalSection
	GlobalSection(ProjectConfigurationPlatforms) = postSolution
		{1FB018BA-EAC1-41C9-B698-80B119441E9C}.Debug|Any CPU.ActiveCfg = Debug|Any CPU
		{1FB018BA-EAC1-41C9-B698-80B119441E9C}.Debug|Any CPU.Build.0 = Debug|Any CPU
		{1FB018BA-EAC1-41C9-B698-80B119441E9C}.Release|Any CPU.ActiveCfg = Release|Any CPU
		{1FB018BA-EAC1-41C9-B698-80B119441E9C}.Release|Any CPU.Build.0 = Release|Any CPU
		{4807898E-470A-4F9D-BC03-CE1BC2C2FB06}.Debug|Any CPU.ActiveCfg = Debug|Any CPU
		{4807898E-470A-4F9D-BC03-CE1BC2C2FB06}.Debug|Any CPU.Build.0 = Debug|Any CPU
		{4807898E-470A-4F9D-BC03-CE1BC2C2FB06}.Release|Any CPU.ActiveCfg = Release|Any CPU
		{4807898E-470A-4F9D-BC03-CE1BC2C2FB06}.Release|Any CPU.Build.0 = Release|Any CPU
		{51084ACA-7967-4F88-AAD4-243D04E7A00D}.Debug|Any CPU.ActiveCfg = Debug|Any CPU
		{51084ACA-7967-4F88-AAD4-243D04E7A00D}.Debug|Any CPU.Build.0 = Debug|Any CPU
		{51084ACA-7967-4F88-AAD4-243D04E7A00D}.Release|Any CPU.ActiveCfg = Release|Any CPU
		{51084ACA-7967-4F88-AAD4-243D04E7A00D}.Release|Any CPU.Build.0 = Release|Any CPU
	EndGlobalSection
	GlobalSection(SolutionProperties) = preSolution
		HideSolutionNode = FALSE
	EndGlobalSection
	GlobalSection(ExtensibilityGlobals) = postSolution
		SolutionGuid = {699D3CA7-A31D-4EE7-905D-3480FCC531A1}
	EndGlobalSection
EndGlobal
